
Microsoft Visual Studio Solution File, Format Version 12.00
# Visual Studio Version 17
VisualStudioVersion = 17.3.32929.385
MinimumVisualStudioVersion = 10.0.40219.1
Project("{9A19103F-16F7-4668-BE54-9A1E7A4F7556}") = "Assignment02", "Assignment02\Assignment02.csproj", "{5663E96F-6E4B-4C89-9527-0E7AEECD291A}"
EndProject
Project("{9A19103F-16F7-4668-BE54-9A1E7A4F7556}") = "Watermelon", "Watermelon\Watermelon.csproj", "{BD11C174-4294-4B08-93B9-0698B27A6A58}"
EndProject
Project("{9A19103F-16F7-4668-BE54-9A1E7A4F7556}") = "Way Too Long Words", "Way Too Long Words\Way Too Long Words.csproj", "{96CD7F2A-EA70-4570-9195-BF3E2BFA62E3}"
EndProject
Project("{9A19103F-16F7-4668-BE54-9A1E7A4F7556}") = "WellDevPractice", "WellDevPractice\WellDevPractice.csproj", "{0CF35A00-89A5-43AA-A851-2F85942A5681}"
EndProject
Project("{9A19103F-16F7-4668-BE54-9A1E7A4F7556}") = "Team", "Team\Team.csproj", "{5EC735B5-ED3D-422F-BEF6-45DA52F79A80}"
EndProject
Project("{9A19103F-16F7-4668-BE54-9A1E7A4F7556}") = "Next Round", "Next Round\Next Round.csproj", "{15958526-B217-467A-81E9-0AC6AC669DAD}"
EndProject
Project("{9A19103F-16F7-4668-BE54-9A1E7A4F7556}") = "Domino piling", "Domino piling\Domino piling.csproj", "{1001C13B-69C6-4E59-8528-021EC9A4AFA3}"
EndProject
Project("{9A19103F-16F7-4668-BE54-9A1E7A4F7556}") = "Bit++", "Bit++\Bit++.csproj", "{FE14817E-6197-40BA-ABCF-B6F076EB0457}"
EndProject
Project("{9A19103F-16F7-4668-BE54-9A1E7A4F7556}") = "Beautiful Matrix", "Beautiful Matrix\Beautiful Matrix.csproj", "{D8B2475C-374E-4B8F-843E-A76ECE94EB1D}"
EndProject
Project("{9A19103F-16F7-4668-BE54-9A1E7A4F7556}") = "TwoSum", "TwoSum\TwoSum.csproj", "{AC6B0A9D-833B-4A78-9273-1F6869A34046}"
EndProject
Project("{9A19103F-16F7-4668-BE54-9A1E7A4F7556}") = "RemoveDuplicates", "RemoveDuplicates\RemoveDuplicates.csproj", "{ACCC3E64-1576-48C9-B32B-787FC4A52575}"
EndProject
Project("{9A19103F-16F7-4668-BE54-9A1E7A4F7556}") = "MinimalOperations", "MinimalOperations\MinimalOperations.csproj", "{2CA81844-9122-4E2A-AB9C-F01FB5F782E7}"
EndProject
Project("{9A19103F-16F7-4668-BE54-9A1E7A4F7556}") = "ReverseArray", "ReverseArray\ReverseArray.csproj", "{305D2D47-F45E-40B7-AE16-E6BAEB0ADEA8}"
EndProject
Project("{9A19103F-16F7-4668-BE54-9A1E7A4F7556}") = "DaysBetweenDates", "DaysBetweenDates\DaysBetweenDates.csproj", "{C993501F-2D39-4A4A-8384-B66061DBE222}"
EndProject
Project("{9A19103F-16F7-4668-BE54-9A1E7A4F7556}") = "Count", "Count\Count.csproj", "{7B70BCEC-E550-4775-AD4E-574AC2E4FDAA}"
EndProject
Project("{9A19103F-16F7-4668-BE54-9A1E7A4F7556}") = "MaxDepth", "MaxDepth\MaxDepth.csproj", "{29425387-9266-4FF4-86C7-D0D84EC607CF}"
EndProject
Project("{9A19103F-16F7-4668-BE54-9A1E7A4F7556}") = "IsPalindrome", "IsPalindrome\IsPalindrome.csproj", "{D1110708-8B45-47C5-95F4-7FC8DC66A3AD}"
EndProject
Project("{9A19103F-16F7-4668-BE54-9A1E7A4F7556}") = "Roman To Integer", "Roman To Integer\Roman To Integer.csproj", "{A5979CC0-374E-4FCE-9D49-1632B1108552}"
EndProject
Project("{9A19103F-16F7-4668-BE54-9A1E7A4F7556}") = "FindNumber", "FindNumber\FindNumber.csproj", "{C5C63C2D-A416-44EB-BC91-E3124FF9C4D7}"
EndProject
Project("{9A19103F-16F7-4668-BE54-9A1E7A4F7556}") = "Longest Common Prefix", "Longest Common Prefix\Longest Common Prefix.csproj", "{AECCC6AC-0CB8-47D1-9BEC-43D70E643CFC}"
EndProject
Project("{9A19103F-16F7-4668-BE54-9A1E7A4F7556}") = "Add Two Numbers", "Add Two Numbers\Add Two Numbers.csproj", "{496850EF-AEAB-402F-BED7-38AB00B4F247}"
EndProject
Project("{9A19103F-16F7-4668-BE54-9A1E7A4F7556}") = "Sum of Two Integers", "Sum of Two Integers\Sum of Two Integers.csproj", "{8073C98C-2389-4603-9EB1-743473A1BCED}"
EndProject
Project("{9A19103F-16F7-4668-BE54-9A1E7A4F7556}") = "Valid Parentheses", "Valid Parentheses\Valid Parentheses.csproj", "{C4663C3A-2795-442A-A6D3-493A191B8A6B}"
EndProject
Project("{9A19103F-16F7-4668-BE54-9A1E7A4F7556}") = "Merge Two Sorted Lists", "Merge Two Sorted Lists\Merge Two Sorted Lists.csproj", "{DF31912D-7716-43E3-88CA-3249FFD58468}"
EndProject
Project("{9A19103F-16F7-4668-BE54-9A1E7A4F7556}") = "Remove Duplicates from Sorted Array", "Remove Duplicates from Sorted Array\Remove Duplicates from Sorted Array.csproj", "{05F714B6-891F-4FDE-82E9-F9B65445709A}"
EndProject
Project("{9A19103F-16F7-4668-BE54-9A1E7A4F7556}") = "Defanging an IP Address", "Defanging an IP Address\Defanging an IP Address.csproj", "{1BE4EA5C-E0EC-4726-9CBD-D8DE27505FD1}"
EndProject
Project("{9A19103F-16F7-4668-BE54-9A1E7A4F7556}") = "Final Value of Variable After Performing Operations", "Final Value of Variable After Performing Operations\Final Value of Variable After Performing Operations.csproj", "{E8B0E91B-0B8E-4832-ADCE-DC1B6DC977B1}"
EndProject
Project("{9A19103F-16F7-4668-BE54-9A1E7A4F7556}") = "Maximum Number of Words Found in Sentences", "Maximum Number of Words Found in Sentences\Maximum Number of Words Found in Sentences.csproj", "{ACBA0417-5F59-438C-87E9-8503E7DE785E}"
EndProject
Project("{9A19103F-16F7-4668-BE54-9A1E7A4F7556}") = "Jewels and Stones", "Jewels and Stones\Jewels and Stones.csproj", "{7321584B-CC8B-4483-9853-F968C5CAAA5A}"
EndProject
Project("{9A19103F-16F7-4668-BE54-9A1E7A4F7556}") = "Goal Parser Interpretation", "Goal Parser Interpretation\Goal Parser Interpretation.csproj", "{260DA8AF-0C38-40AF-AB52-D23AC1131460}"
EndProject
Project("{9A19103F-16F7-4668-BE54-9A1E7A4F7556}") = "Shuffle String", "Shuffle String\Shuffle String.csproj", "{A0430765-DDBF-460F-93A9-423E7C085952}"
EndProject
Project("{9A19103F-16F7-4668-BE54-9A1E7A4F7556}") = "Cells in a Range on an Excel Sheet", "Cells in a Range on an Excel Sheet\Cells in a Range on an Excel Sheet.csproj", "{F9199C6E-10A2-430A-81FA-C3440FAE0904}"
EndProject
Project("{9A19103F-16F7-4668-BE54-9A1E7A4F7556}") = "Decode the Message", "Decode the Message\Decode the Message.csproj", "{32899AB9-4D83-4CBC-B5BD-6120EBB9C1E4}"
EndProject
Project("{9A19103F-16F7-4668-BE54-9A1E7A4F7556}") = "Split a String in Balanced Strings", "Split a String in Balanced Strings\Split a String in Balanced Strings.csproj", "{F836C992-CF00-45E7-98D4-E2936B9EEB40}"
EndProject
Project("{9A19103F-16F7-4668-BE54-9A1E7A4F7556}") = "Sorting the Sentence", "Sorting the Sentence\Sorting the Sentence.csproj", "{7B3ED255-65AD-4005-A6B2-C21A4C485185}"
EndProject
Project("{9A19103F-16F7-4668-BE54-9A1E7A4F7556}") = "Count Items Matching a Rule", "Count Items Matching a Rule\Count Items Matching a Rule.csproj", "{B56CEC1E-8533-4AB9-8D29-048902D5269C}"
EndProject
Project("{9A19103F-16F7-4668-BE54-9A1E7A4F7556}") = "Unique Morse Code Words", "Unique Morse Code Words\Unique Morse Code Words.csproj", "{FB6B8D7C-5030-488B-B56D-1C8C4CD69453}"
EndProject
Project("{9A19103F-16F7-4668-BE54-9A1E7A4F7556}") = "Check If Two String Arrays are Equivalent", "Check If Two String Arrays are Equivalent\Check If Two String Arrays are Equivalent.csproj", "{9B2DB5D1-CC90-4E99-BDBC-AAEBB21FD2F7}"
EndProject
Project("{9A19103F-16F7-4668-BE54-9A1E7A4F7556}") = "Check if the Sentence Is Pangram", "Check if the Sentence Is Pangram\Check if the Sentence Is Pangram.csproj", "{72FD156E-62E8-4576-A047-057F5556A7CB}"
EndProject
Project("{9A19103F-16F7-4668-BE54-9A1E7A4F7556}") = "Length of Last Word", "Length of Last Word\Length of Last Word.csproj", "{F4A9FDA8-7DD8-499C-BDD0-A9715A8F5427}"
EndProject
Project("{9A19103F-16F7-4668-BE54-9A1E7A4F7556}") = "Running Sum of 1d Array", "Running Sum of 1d Array\Running Sum of 1d Array.csproj", "{1338EACD-A24A-4ACD-BC29-D1EEFC30C5AD}"
EndProject
Project("{9A19103F-16F7-4668-BE54-9A1E7A4F7556}") = "Richest Customer Wealth", "Richest Customer Wealth\Richest Customer Wealth.csproj", "{DFBD8450-7D5E-4784-93C6-E8835F81B24D}"
EndProject
Project("{9A19103F-16F7-4668-BE54-9A1E7A4F7556}") = "Fizz Buzz", "Fizz Buzz\Fizz Buzz.csproj", "{C3ABE19C-B17B-400C-AE72-25F3348D2ACA}"
EndProject
Project("{9A19103F-16F7-4668-BE54-9A1E7A4F7556}") = "Number of Steps to Reduce a Number to Zero", "Number of Steps to Reduce a Number to Zero\Number of Steps to Reduce a Number to Zero.csproj", "{0E412B62-B821-4237-A808-91CD5B8746FE}"
EndProject
Project("{9A19103F-16F7-4668-BE54-9A1E7A4F7556}") = "Middle of the Linked List", "Middle of the Linked List\Middle of the Linked List.csproj", "{97D70AD2-06D4-4558-A8E4-9E1DE7286BB6}"
EndProject
Project("{9A19103F-16F7-4668-BE54-9A1E7A4F7556}") = "Ransom Note", "Ransom Note\Ransom Note.csproj", "{2F89B230-8D09-4B9B-8D28-4573DD17BB61}"
EndProject
Project("{FAE04EC0-301F-11D3-BF4B-00C04F79EFBC}") = "InterViewPractice E", "InterViewPractice E\InterViewPractice E.csproj", "{C6FC87E0-DB4F-4636-90DB-16FEB5E25E8D}"
EndProject
Global
	GlobalSection(SolutionConfigurationPlatforms) = preSolution
		Debug|Any CPU = Debug|Any CPU
		Release|Any CPU = Release|Any CPU
	EndGlobalSection
	GlobalSection(ProjectConfigurationPlatforms) = postSolution
		{5663E96F-6E4B-4C89-9527-0E7AEECD291A}.Debug|Any CPU.ActiveCfg = Debug|Any CPU
		{5663E96F-6E4B-4C89-9527-0E7AEECD291A}.Debug|Any CPU.Build.0 = Debug|Any CPU
		{5663E96F-6E4B-4C89-9527-0E7AEECD291A}.Release|Any CPU.ActiveCfg = Release|Any CPU
		{5663E96F-6E4B-4C89-9527-0E7AEECD291A}.Release|Any CPU.Build.0 = Release|Any CPU
		{BD11C174-4294-4B08-93B9-0698B27A6A58}.Debug|Any CPU.ActiveCfg = Debug|Any CPU
		{BD11C174-4294-4B08-93B9-0698B27A6A58}.Debug|Any CPU.Build.0 = Debug|Any CPU
		{BD11C174-4294-4B08-93B9-0698B27A6A58}.Release|Any CPU.ActiveCfg = Release|Any CPU
		{BD11C174-4294-4B08-93B9-0698B27A6A58}.Release|Any CPU.Build.0 = Release|Any CPU
		{96CD7F2A-EA70-4570-9195-BF3E2BFA62E3}.Debug|Any CPU.ActiveCfg = Debug|Any CPU
		{96CD7F2A-EA70-4570-9195-BF3E2BFA62E3}.Debug|Any CPU.Build.0 = Debug|Any CPU
		{96CD7F2A-EA70-4570-9195-BF3E2BFA62E3}.Release|Any CPU.ActiveCfg = Release|Any CPU
		{96CD7F2A-EA70-4570-9195-BF3E2BFA62E3}.Release|Any CPU.Build.0 = Release|Any CPU
		{0CF35A00-89A5-43AA-A851-2F85942A5681}.Debug|Any CPU.ActiveCfg = Debug|Any CPU
		{0CF35A00-89A5-43AA-A851-2F85942A5681}.Debug|Any CPU.Build.0 = Debug|Any CPU
		{0CF35A00-89A5-43AA-A851-2F85942A5681}.Release|Any CPU.ActiveCfg = Release|Any CPU
		{0CF35A00-89A5-43AA-A851-2F85942A5681}.Release|Any CPU.Build.0 = Release|Any CPU
		{5EC735B5-ED3D-422F-BEF6-45DA52F79A80}.Debug|Any CPU.ActiveCfg = Debug|Any CPU
		{5EC735B5-ED3D-422F-BEF6-45DA52F79A80}.Debug|Any CPU.Build.0 = Debug|Any CPU
		{5EC735B5-ED3D-422F-BEF6-45DA52F79A80}.Release|Any CPU.ActiveCfg = Release|Any CPU
		{5EC735B5-ED3D-422F-BEF6-45DA52F79A80}.Release|Any CPU.Build.0 = Release|Any CPU
		{15958526-B217-467A-81E9-0AC6AC669DAD}.Debug|Any CPU.ActiveCfg = Debug|Any CPU
		{15958526-B217-467A-81E9-0AC6AC669DAD}.Debug|Any CPU.Build.0 = Debug|Any CPU
		{15958526-B217-467A-81E9-0AC6AC669DAD}.Release|Any CPU.ActiveCfg = Release|Any CPU
		{15958526-B217-467A-81E9-0AC6AC669DAD}.Release|Any CPU.Build.0 = Release|Any CPU
		{1001C13B-69C6-4E59-8528-021EC9A4AFA3}.Debug|Any CPU.ActiveCfg = Debug|Any CPU
		{1001C13B-69C6-4E59-8528-021EC9A4AFA3}.Debug|Any CPU.Build.0 = Debug|Any CPU
		{1001C13B-69C6-4E59-8528-021EC9A4AFA3}.Release|Any CPU.ActiveCfg = Release|Any CPU
		{1001C13B-69C6-4E59-8528-021EC9A4AFA3}.Release|Any CPU.Build.0 = Release|Any CPU
		{FE14817E-6197-40BA-ABCF-B6F076EB0457}.Debug|Any CPU.ActiveCfg = Debug|Any CPU
		{FE14817E-6197-40BA-ABCF-B6F076EB0457}.Debug|Any CPU.Build.0 = Debug|Any CPU
		{FE14817E-6197-40BA-ABCF-B6F076EB0457}.Release|Any CPU.ActiveCfg = Release|Any CPU
		{FE14817E-6197-40BA-ABCF-B6F076EB0457}.Release|Any CPU.Build.0 = Release|Any CPU
		{D8B2475C-374E-4B8F-843E-A76ECE94EB1D}.Debug|Any CPU.ActiveCfg = Debug|Any CPU
		{D8B2475C-374E-4B8F-843E-A76ECE94EB1D}.Debug|Any CPU.Build.0 = Debug|Any CPU
		{D8B2475C-374E-4B8F-843E-A76ECE94EB1D}.Release|Any CPU.ActiveCfg = Release|Any CPU
		{D8B2475C-374E-4B8F-843E-A76ECE94EB1D}.Release|Any CPU.Build.0 = Release|Any CPU
		{AC6B0A9D-833B-4A78-9273-1F6869A34046}.Debug|Any CPU.ActiveCfg = Debug|Any CPU
		{AC6B0A9D-833B-4A78-9273-1F6869A34046}.Debug|Any CPU.Build.0 = Debug|Any CPU
		{AC6B0A9D-833B-4A78-9273-1F6869A34046}.Release|Any CPU.ActiveCfg = Release|Any CPU
		{AC6B0A9D-833B-4A78-9273-1F6869A34046}.Release|Any CPU.Build.0 = Release|Any CPU
		{ACCC3E64-1576-48C9-B32B-787FC4A52575}.Debug|Any CPU.ActiveCfg = Debug|Any CPU
		{ACCC3E64-1576-48C9-B32B-787FC4A52575}.Debug|Any CPU.Build.0 = Debug|Any CPU
		{ACCC3E64-1576-48C9-B32B-787FC4A52575}.Release|Any CPU.ActiveCfg = Release|Any CPU
		{ACCC3E64-1576-48C9-B32B-787FC4A52575}.Release|Any CPU.Build.0 = Release|Any CPU
		{2CA81844-9122-4E2A-AB9C-F01FB5F782E7}.Debug|Any CPU.ActiveCfg = Debug|Any CPU
		{2CA81844-9122-4E2A-AB9C-F01FB5F782E7}.Debug|Any CPU.Build.0 = Debug|Any CPU
		{2CA81844-9122-4E2A-AB9C-F01FB5F782E7}.Release|Any CPU.ActiveCfg = Release|Any CPU
		{2CA81844-9122-4E2A-AB9C-F01FB5F782E7}.Release|Any CPU.Build.0 = Release|Any CPU
		{305D2D47-F45E-40B7-AE16-E6BAEB0ADEA8}.Debug|Any CPU.ActiveCfg = Debug|Any CPU
		{305D2D47-F45E-40B7-AE16-E6BAEB0ADEA8}.Debug|Any CPU.Build.0 = Debug|Any CPU
		{305D2D47-F45E-40B7-AE16-E6BAEB0ADEA8}.Release|Any CPU.ActiveCfg = Release|Any CPU
		{305D2D47-F45E-40B7-AE16-E6BAEB0ADEA8}.Release|Any CPU.Build.0 = Release|Any CPU
		{C993501F-2D39-4A4A-8384-B66061DBE222}.Debug|Any CPU.ActiveCfg = Debug|Any CPU
		{C993501F-2D39-4A4A-8384-B66061DBE222}.Debug|Any CPU.Build.0 = Debug|Any CPU
		{C993501F-2D39-4A4A-8384-B66061DBE222}.Release|Any CPU.ActiveCfg = Release|Any CPU
		{C993501F-2D39-4A4A-8384-B66061DBE222}.Release|Any CPU.Build.0 = Release|Any CPU
		{7B70BCEC-E550-4775-AD4E-574AC2E4FDAA}.Debug|Any CPU.ActiveCfg = Debug|Any CPU
		{7B70BCEC-E550-4775-AD4E-574AC2E4FDAA}.Debug|Any CPU.Build.0 = Debug|Any CPU
		{7B70BCEC-E550-4775-AD4E-574AC2E4FDAA}.Release|Any CPU.ActiveCfg = Release|Any CPU
		{7B70BCEC-E550-4775-AD4E-574AC2E4FDAA}.Release|Any CPU.Build.0 = Release|Any CPU
		{29425387-9266-4FF4-86C7-D0D84EC607CF}.Debug|Any CPU.ActiveCfg = Debug|Any CPU
		{29425387-9266-4FF4-86C7-D0D84EC607CF}.Debug|Any CPU.Build.0 = Debug|Any CPU
		{29425387-9266-4FF4-86C7-D0D84EC607CF}.Release|Any CPU.ActiveCfg = Release|Any CPU
		{29425387-9266-4FF4-86C7-D0D84EC607CF}.Release|Any CPU.Build.0 = Release|Any CPU
		{D1110708-8B45-47C5-95F4-7FC8DC66A3AD}.Debug|Any CPU.ActiveCfg = Debug|Any CPU
		{D1110708-8B45-47C5-95F4-7FC8DC66A3AD}.Debug|Any CPU.Build.0 = Debug|Any CPU
		{D1110708-8B45-47C5-95F4-7FC8DC66A3AD}.Release|Any CPU.ActiveCfg = Release|Any CPU
		{D1110708-8B45-47C5-95F4-7FC8DC66A3AD}.Release|Any CPU.Build.0 = Release|Any CPU
		{A5979CC0-374E-4FCE-9D49-1632B1108552}.Debug|Any CPU.ActiveCfg = Debug|Any CPU
		{A5979CC0-374E-4FCE-9D49-1632B1108552}.Debug|Any CPU.Build.0 = Debug|Any CPU
		{A5979CC0-374E-4FCE-9D49-1632B1108552}.Release|Any CPU.ActiveCfg = Release|Any CPU
		{A5979CC0-374E-4FCE-9D49-1632B1108552}.Release|Any CPU.Build.0 = Release|Any CPU
		{C5C63C2D-A416-44EB-BC91-E3124FF9C4D7}.Debug|Any CPU.ActiveCfg = Debug|Any CPU
		{C5C63C2D-A416-44EB-BC91-E3124FF9C4D7}.Debug|Any CPU.Build.0 = Debug|Any CPU
		{C5C63C2D-A416-44EB-BC91-E3124FF9C4D7}.Release|Any CPU.ActiveCfg = Release|Any CPU
		{C5C63C2D-A416-44EB-BC91-E3124FF9C4D7}.Release|Any CPU.Build.0 = Release|Any CPU
		{AECCC6AC-0CB8-47D1-9BEC-43D70E643CFC}.Debug|Any CPU.ActiveCfg = Debug|Any CPU
		{AECCC6AC-0CB8-47D1-9BEC-43D70E643CFC}.Debug|Any CPU.Build.0 = Debug|Any CPU
		{AECCC6AC-0CB8-47D1-9BEC-43D70E643CFC}.Release|Any CPU.ActiveCfg = Release|Any CPU
		{AECCC6AC-0CB8-47D1-9BEC-43D70E643CFC}.Release|Any CPU.Build.0 = Release|Any CPU
		{496850EF-AEAB-402F-BED7-38AB00B4F247}.Debug|Any CPU.ActiveCfg = Debug|Any CPU
		{496850EF-AEAB-402F-BED7-38AB00B4F247}.Debug|Any CPU.Build.0 = Debug|Any CPU
		{496850EF-AEAB-402F-BED7-38AB00B4F247}.Release|Any CPU.ActiveCfg = Release|Any CPU
		{496850EF-AEAB-402F-BED7-38AB00B4F247}.Release|Any CPU.Build.0 = Release|Any CPU
		{8073C98C-2389-4603-9EB1-743473A1BCED}.Debug|Any CPU.ActiveCfg = Debug|Any CPU
		{8073C98C-2389-4603-9EB1-743473A1BCED}.Debug|Any CPU.Build.0 = Debug|Any CPU
		{8073C98C-2389-4603-9EB1-743473A1BCED}.Release|Any CPU.ActiveCfg = Release|Any CPU
		{8073C98C-2389-4603-9EB1-743473A1BCED}.Release|Any CPU.Build.0 = Release|Any CPU
		{C4663C3A-2795-442A-A6D3-493A191B8A6B}.Debug|Any CPU.ActiveCfg = Debug|Any CPU
		{C4663C3A-2795-442A-A6D3-493A191B8A6B}.Debug|Any CPU.Build.0 = Debug|Any CPU
		{C4663C3A-2795-442A-A6D3-493A191B8A6B}.Release|Any CPU.ActiveCfg = Release|Any CPU
		{C4663C3A-2795-442A-A6D3-493A191B8A6B}.Release|Any CPU.Build.0 = Release|Any CPU
		{DF31912D-7716-43E3-88CA-3249FFD58468}.Debug|Any CPU.ActiveCfg = Debug|Any CPU
		{DF31912D-7716-43E3-88CA-3249FFD58468}.Debug|Any CPU.Build.0 = Debug|Any CPU
		{DF31912D-7716-43E3-88CA-3249FFD58468}.Release|Any CPU.ActiveCfg = Release|Any CPU
		{DF31912D-7716-43E3-88CA-3249FFD58468}.Release|Any CPU.Build.0 = Release|Any CPU
		{05F714B6-891F-4FDE-82E9-F9B65445709A}.Debug|Any CPU.ActiveCfg = Debug|Any CPU
		{05F714B6-891F-4FDE-82E9-F9B65445709A}.Debug|Any CPU.Build.0 = Debug|Any CPU
		{05F714B6-891F-4FDE-82E9-F9B65445709A}.Release|Any CPU.ActiveCfg = Release|Any CPU
		{05F714B6-891F-4FDE-82E9-F9B65445709A}.Release|Any CPU.Build.0 = Release|Any CPU
		{1BE4EA5C-E0EC-4726-9CBD-D8DE27505FD1}.Debug|Any CPU.ActiveCfg = Debug|Any CPU
		{1BE4EA5C-E0EC-4726-9CBD-D8DE27505FD1}.Debug|Any CPU.Build.0 = Debug|Any CPU
		{1BE4EA5C-E0EC-4726-9CBD-D8DE27505FD1}.Release|Any CPU.ActiveCfg = Release|Any CPU
		{1BE4EA5C-E0EC-4726-9CBD-D8DE27505FD1}.Release|Any CPU.Build.0 = Release|Any CPU
		{E8B0E91B-0B8E-4832-ADCE-DC1B6DC977B1}.Debug|Any CPU.ActiveCfg = Debug|Any CPU
		{E8B0E91B-0B8E-4832-ADCE-DC1B6DC977B1}.Debug|Any CPU.Build.0 = Debug|Any CPU
		{E8B0E91B-0B8E-4832-ADCE-DC1B6DC977B1}.Release|Any CPU.ActiveCfg = Release|Any CPU
		{E8B0E91B-0B8E-4832-ADCE-DC1B6DC977B1}.Release|Any CPU.Build.0 = Release|Any CPU
		{ACBA0417-5F59-438C-87E9-8503E7DE785E}.Debug|Any CPU.ActiveCfg = Debug|Any CPU
		{ACBA0417-5F59-438C-87E9-8503E7DE785E}.Debug|Any CPU.Build.0 = Debug|Any CPU
		{ACBA0417-5F59-438C-87E9-8503E7DE785E}.Release|Any CPU.ActiveCfg = Release|Any CPU
		{ACBA0417-5F59-438C-87E9-8503E7DE785E}.Release|Any CPU.Build.0 = Release|Any CPU
		{7321584B-CC8B-4483-9853-F968C5CAAA5A}.Debug|Any CPU.ActiveCfg = Debug|Any CPU
		{7321584B-CC8B-4483-9853-F968C5CAAA5A}.Debug|Any CPU.Build.0 = Debug|Any CPU
		{7321584B-CC8B-4483-9853-F968C5CAAA5A}.Release|Any CPU.ActiveCfg = Release|Any CPU
		{7321584B-CC8B-4483-9853-F968C5CAAA5A}.Release|Any CPU.Build.0 = Release|Any CPU
		{260DA8AF-0C38-40AF-AB52-D23AC1131460}.Debug|Any CPU.ActiveCfg = Debug|Any CPU
		{260DA8AF-0C38-40AF-AB52-D23AC1131460}.Debug|Any CPU.Build.0 = Debug|Any CPU
		{260DA8AF-0C38-40AF-AB52-D23AC1131460}.Release|Any CPU.ActiveCfg = Release|Any CPU
		{260DA8AF-0C38-40AF-AB52-D23AC1131460}.Release|Any CPU.Build.0 = Release|Any CPU
		{A0430765-DDBF-460F-93A9-423E7C085952}.Debug|Any CPU.ActiveCfg = Debug|Any CPU
		{A0430765-DDBF-460F-93A9-423E7C085952}.Debug|Any CPU.Build.0 = Debug|Any CPU
		{A0430765-DDBF-460F-93A9-423E7C085952}.Release|Any CPU.ActiveCfg = Release|Any CPU
		{A0430765-DDBF-460F-93A9-423E7C085952}.Release|Any CPU.Build.0 = Release|Any CPU
		{F9199C6E-10A2-430A-81FA-C3440FAE0904}.Debug|Any CPU.ActiveCfg = Debug|Any CPU
		{F9199C6E-10A2-430A-81FA-C3440FAE0904}.Debug|Any CPU.Build.0 = Debug|Any CPU
		{F9199C6E-10A2-430A-81FA-C3440FAE0904}.Release|Any CPU.ActiveCfg = Release|Any CPU
		{F9199C6E-10A2-430A-81FA-C3440FAE0904}.Release|Any CPU.Build.0 = Release|Any CPU
		{32899AB9-4D83-4CBC-B5BD-6120EBB9C1E4}.Debug|Any CPU.ActiveCfg = Debug|Any CPU
		{32899AB9-4D83-4CBC-B5BD-6120EBB9C1E4}.Debug|Any CPU.Build.0 = Debug|Any CPU
		{32899AB9-4D83-4CBC-B5BD-6120EBB9C1E4}.Release|Any CPU.ActiveCfg = Release|Any CPU
		{32899AB9-4D83-4CBC-B5BD-6120EBB9C1E4}.Release|Any CPU.Build.0 = Release|Any CPU
		{F836C992-CF00-45E7-98D4-E2936B9EEB40}.Debug|Any CPU.ActiveCfg = Debug|Any CPU
		{F836C992-CF00-45E7-98D4-E2936B9EEB40}.Debug|Any CPU.Build.0 = Debug|Any CPU
		{F836C992-CF00-45E7-98D4-E2936B9EEB40}.Release|Any CPU.ActiveCfg = Release|Any CPU
		{F836C992-CF00-45E7-98D4-E2936B9EEB40}.Release|Any CPU.Build.0 = Release|Any CPU
		{7B3ED255-65AD-4005-A6B2-C21A4C485185}.Debug|Any CPU.ActiveCfg = Debug|Any CPU
		{7B3ED255-65AD-4005-A6B2-C21A4C485185}.Debug|Any CPU.Build.0 = Debug|Any CPU
		{7B3ED255-65AD-4005-A6B2-C21A4C485185}.Release|Any CPU.ActiveCfg = Release|Any CPU
		{7B3ED255-65AD-4005-A6B2-C21A4C485185}.Release|Any CPU.Build.0 = Release|Any CPU
		{B56CEC1E-8533-4AB9-8D29-048902D5269C}.Debug|Any CPU.ActiveCfg = Debug|Any CPU
		{B56CEC1E-8533-4AB9-8D29-048902D5269C}.Debug|Any CPU.Build.0 = Debug|Any CPU
		{B56CEC1E-8533-4AB9-8D29-048902D5269C}.Release|Any CPU.ActiveCfg = Release|Any CPU
		{B56CEC1E-8533-4AB9-8D29-048902D5269C}.Release|Any CPU.Build.0 = Release|Any CPU
		{FB6B8D7C-5030-488B-B56D-1C8C4CD69453}.Debug|Any CPU.ActiveCfg = Debug|Any CPU
		{FB6B8D7C-5030-488B-B56D-1C8C4CD69453}.Debug|Any CPU.Build.0 = Debug|Any CPU
		{FB6B8D7C-5030-488B-B56D-1C8C4CD69453}.Release|Any CPU.ActiveCfg = Release|Any CPU
		{FB6B8D7C-5030-488B-B56D-1C8C4CD69453}.Release|Any CPU.Build.0 = Release|Any CPU
		{9B2DB5D1-CC90-4E99-BDBC-AAEBB21FD2F7}.Debug|Any CPU.ActiveCfg = Debug|Any CPU
		{9B2DB5D1-CC90-4E99-BDBC-AAEBB21FD2F7}.Debug|Any CPU.Build.0 = Debug|Any CPU
		{9B2DB5D1-CC90-4E99-BDBC-AAEBB21FD2F7}.Release|Any CPU.ActiveCfg = Release|Any CPU
		{9B2DB5D1-CC90-4E99-BDBC-AAEBB21FD2F7}.Release|Any CPU.Build.0 = Release|Any CPU
		{72FD156E-62E8-4576-A047-057F5556A7CB}.Debug|Any CPU.ActiveCfg = Debug|Any CPU
		{72FD156E-62E8-4576-A047-057F5556A7CB}.Debug|Any CPU.Build.0 = Debug|Any CPU
		{72FD156E-62E8-4576-A047-057F5556A7CB}.Release|Any CPU.ActiveCfg = Release|Any CPU
		{72FD156E-62E8-4576-A047-057F5556A7CB}.Release|Any CPU.Build.0 = Release|Any CPU
		{F4A9FDA8-7DD8-499C-BDD0-A9715A8F5427}.Debug|Any CPU.ActiveCfg = Debug|Any CPU
		{F4A9FDA8-7DD8-499C-BDD0-A9715A8F5427}.Debug|Any CPU.Build.0 = Debug|Any CPU
		{F4A9FDA8-7DD8-499C-BDD0-A9715A8F5427}.Release|Any CPU.ActiveCfg = Release|Any CPU
		{F4A9FDA8-7DD8-499C-BDD0-A9715A8F5427}.Release|Any CPU.Build.0 = Release|Any CPU
		{1338EACD-A24A-4ACD-BC29-D1EEFC30C5AD}.Debug|Any CPU.ActiveCfg = Debug|Any CPU
		{1338EACD-A24A-4ACD-BC29-D1EEFC30C5AD}.Debug|Any CPU.Build.0 = Debug|Any CPU
		{1338EACD-A24A-4ACD-BC29-D1EEFC30C5AD}.Release|Any CPU.ActiveCfg = Release|Any CPU
		{1338EACD-A24A-4ACD-BC29-D1EEFC30C5AD}.Release|Any CPU.Build.0 = Release|Any CPU
		{DFBD8450-7D5E-4784-93C6-E8835F81B24D}.Debug|Any CPU.ActiveCfg = Debug|Any CPU
		{DFBD8450-7D5E-4784-93C6-E8835F81B24D}.Debug|Any CPU.Build.0 = Debug|Any CPU
		{DFBD8450-7D5E-4784-93C6-E8835F81B24D}.Release|Any CPU.ActiveCfg = Release|Any CPU
		{DFBD8450-7D5E-4784-93C6-E8835F81B24D}.Release|Any CPU.Build.0 = Release|Any CPU
		{C3ABE19C-B17B-400C-AE72-25F3348D2ACA}.Debug|Any CPU.ActiveCfg = Debug|Any CPU
		{C3ABE19C-B17B-400C-AE72-25F3348D2ACA}.Debug|Any CPU.Build.0 = Debug|Any CPU
		{C3ABE19C-B17B-400C-AE72-25F3348D2ACA}.Release|Any CPU.ActiveCfg = Release|Any CPU
		{C3ABE19C-B17B-400C-AE72-25F3348D2ACA}.Release|Any CPU.Build.0 = Release|Any CPU
		{0E412B62-B821-4237-A808-91CD5B8746FE}.Debug|Any CPU.ActiveCfg = Debug|Any CPU
		{0E412B62-B821-4237-A808-91CD5B8746FE}.Debug|Any CPU.Build.0 = Debug|Any CPU
		{0E412B62-B821-4237-A808-91CD5B8746FE}.Release|Any CPU.ActiveCfg = Release|Any CPU
		{0E412B62-B821-4237-A808-91CD5B8746FE}.Release|Any CPU.Build.0 = Release|Any CPU
		{97D70AD2-06D4-4558-A8E4-9E1DE7286BB6}.Debug|Any CPU.ActiveCfg = Debug|Any CPU
		{97D70AD2-06D4-4558-A8E4-9E1DE7286BB6}.Debug|Any CPU.Build.0 = Debug|Any CPU
		{97D70AD2-06D4-4558-A8E4-9E1DE7286BB6}.Release|Any CPU.ActiveCfg = Release|Any CPU
		{97D70AD2-06D4-4558-A8E4-9E1DE7286BB6}.Release|Any CPU.Build.0 = Release|Any CPU
		{2F89B230-8D09-4B9B-8D28-4573DD17BB61}.Debug|Any CPU.ActiveCfg = Debug|Any CPU
		{2F89B230-8D09-4B9B-8D28-4573DD17BB61}.Debug|Any CPU.Build.0 = Debug|Any CPU
		{2F89B230-8D09-4B9B-8D28-4573DD17BB61}.Release|Any CPU.ActiveCfg = Release|Any CPU
		{2F89B230-8D09-4B9B-8D28-4573DD17BB61}.Release|Any CPU.Build.0 = Release|Any CPU
		{C6FC87E0-DB4F-4636-90DB-16FEB5E25E8D}.Debug|Any CPU.ActiveCfg = Debug|Any CPU
		{C6FC87E0-DB4F-4636-90DB-16FEB5E25E8D}.Debug|Any CPU.Build.0 = Debug|Any CPU
		{C6FC87E0-DB4F-4636-90DB-16FEB5E25E8D}.Release|Any CPU.ActiveCfg = Release|Any CPU
		{C6FC87E0-DB4F-4636-90DB-16FEB5E25E8D}.Release|Any CPU.Build.0 = Release|Any CPU
	EndGlobalSection
	GlobalSection(SolutionProperties) = preSolution
		HideSolutionNode = FALSE
	EndGlobalSection
	GlobalSection(ExtensibilityGlobals) = postSolution
		SolutionGuid = {3C89CE79-C4E8-4F76-8934-B5E1B207228B}
	EndGlobalSection
EndGlobal
