
Microsoft Visual Studio Solution File, Format Version 12.00
# Visual Studio Version 17
VisualStudioVersion = 17.3.32929.385
MinimumVisualStudioVersion = 10.0.40219.1
Project("{9A19103F-16F7-4668-BE54-9A1E7A4F7556}") = "Assignment02", "Assignment02\Assignment02.csproj", "{5663E96F-6E4B-4C89-9527-0E7AEECD291A}"
EndProject
Project("{9A19103F-16F7-4668-BE54-9A1E7A4F7556}") = "Watermelon", "Watermelon\Watermelon.csproj", "{BD11C174-4294-4B08-93B9-0698B27A6A58}"
EndProject
Project("{9A19103F-16F7-4668-BE54-9A1E7A4F7556}") = "Way Too Long Words", "Way Too Long Words\Way Too Long Words.csproj", "{96CD7F2A-EA70-4570-9195-BF3E2BFA62E3}"
EndProject
Project("{9A19103F-16F7-4668-BE54-9A1E7A4F7556}") = "WellDevPractice", "WellDevPractice\WellDevPractice.csproj", "{0CF35A00-89A5-43AA-A851-2F85942A5681}"
EndProject
Project("{9A19103F-16F7-4668-BE54-9A1E7A4F7556}") = "Team", "Team\Team.csproj", "{5EC735B5-ED3D-422F-BEF6-45DA52F79A80}"
EndProject
Project("{9A19103F-16F7-4668-BE54-9A1E7A4F7556}") = "Next Round", "Next Round\Next Round.csproj", "{15958526-B217-467A-81E9-0AC6AC669DAD}"
EndProject
Project("{9A19103F-16F7-4668-BE54-9A1E7A4F7556}") = "Domino piling", "Domino piling\Domino piling.csproj", "{1001C13B-69C6-4E59-8528-021EC9A4AFA3}"
EndProject
Project("{9A19103F-16F7-4668-BE54-9A1E7A4F7556}") = "Bit++", "Bit++\Bit++.csproj", "{FE14817E-6197-40BA-ABCF-B6F076EB0457}"
EndProject
Project("{9A19103F-16F7-4668-BE54-9A1E7A4F7556}") = "Beautiful Matrix", "Beautiful Matrix\Beautiful Matrix.csproj", "{D8B2475C-374E-4B8F-843E-A76ECE94EB1D}"
EndProject
Project("{9A19103F-16F7-4668-BE54-9A1E7A4F7556}") = "TwoSum", "TwoSum\TwoSum.csproj", "{AC6B0A9D-833B-4A78-9273-1F6869A34046}"
EndProject
Project("{9A19103F-16F7-4668-BE54-9A1E7A4F7556}") = "RemoveDuplicates", "RemoveDuplicates\RemoveDuplicates.csproj", "{ACCC3E64-1576-48C9-B32B-787FC4A52575}"
EndProject
Project("{9A19103F-16F7-4668-BE54-9A1E7A4F7556}") = "MinimalOperations", "MinimalOperations\MinimalOperations.csproj", "{2CA81844-9122-4E2A-AB9C-F01FB5F782E7}"
EndProject
Project("{9A19103F-16F7-4668-BE54-9A1E7A4F7556}") = "ReverseArray", "ReverseArray\ReverseArray.csproj", "{305D2D47-F45E-40B7-AE16-E6BAEB0ADEA8}"
EndProject
Project("{9A19103F-16F7-4668-BE54-9A1E7A4F7556}") = "DaysBetweenDates", "DaysBetweenDates\DaysBetweenDates.csproj", "{C993501F-2D39-4A4A-8384-B66061DBE222}"
EndProject
Project("{9A19103F-16F7-4668-BE54-9A1E7A4F7556}") = "Count", "Count\Count.csproj", "{7B70BCEC-E550-4775-AD4E-574AC2E4FDAA}"
EndProject
Project("{9A19103F-16F7-4668-BE54-9A1E7A4F7556}") = "MaxDepth", "MaxDepth\MaxDepth.csproj", "{29425387-9266-4FF4-86C7-D0D84EC607CF}"
EndProject
Project("{9A19103F-16F7-4668-BE54-9A1E7A4F7556}") = "IsPalindrome", "IsPalindrome\IsPalindrome.csproj", "{D1110708-8B45-47C5-95F4-7FC8DC66A3AD}"
EndProject
Project("{9A19103F-16F7-4668-BE54-9A1E7A4F7556}") = "Roman To Integer", "Roman To Integer\Roman To Integer.csproj", "{A5979CC0-374E-4FCE-9D49-1632B1108552}"
EndProject
Project("{9A19103F-16F7-4668-BE54-9A1E7A4F7556}") = "FindNumber", "FindNumber\FindNumber.csproj", "{C5C63C2D-A416-44EB-BC91-E3124FF9C4D7}"
EndProject
Project("{9A19103F-16F7-4668-BE54-9A1E7A4F7556}") = "Longest Common Prefix", "Longest Common Prefix\Longest Common Prefix.csproj", "{AECCC6AC-0CB8-47D1-9BEC-43D70E643CFC}"
EndProject
Project("{9A19103F-16F7-4668-BE54-9A1E7A4F7556}") = "Add Two Numbers", "Add Two Numbers\Add Two Numbers.csproj", "{496850EF-AEAB-402F-BED7-38AB00B4F247}"
EndProject
Project("{9A19103F-16F7-4668-BE54-9A1E7A4F7556}") = "Sum of Two Integers", "Sum of Two Integers\Sum of Two Integers.csproj", "{8073C98C-2389-4603-9EB1-743473A1BCED}"
EndProject
Project("{9A19103F-16F7-4668-BE54-9A1E7A4F7556}") = "Valid Parentheses", "Valid Parentheses\Valid Parentheses.csproj", "{C4663C3A-2795-442A-A6D3-493A191B8A6B}"
EndProject
Project("{9A19103F-16F7-4668-BE54-9A1E7A4F7556}") = "Merge Two Sorted Lists", "Merge Two Sorted Lists\Merge Two Sorted Lists.csproj", "{DF31912D-7716-43E3-88CA-3249FFD58468}"
EndProject
Project("{9A19103F-16F7-4668-BE54-9A1E7A4F7556}") = "Remove Duplicates from Sorted Array", "Remove Duplicates from Sorted Array\Remove Duplicates from Sorted Array.csproj", "{05F714B6-891F-4FDE-82E9-F9B65445709A}"
EndProject
Project("{FAE04EC0-301F-11D3-BF4B-00C04F79EFBC}") = "Defanging an IP Address", "Defanging an IP Address\Defanging an IP Address.csproj", "{1BE4EA5C-E0EC-4726-9CBD-D8DE27505FD1}"
EndProject
Project("{FAE04EC0-301F-11D3-BF4B-00C04F79EFBC}") = "Final Value of Variable After Performing Operations", "Final Value of Variable After Performing Operations\Final Value of Variable After Performing Operations.csproj", "{E8B0E91B-0B8E-4832-ADCE-DC1B6DC977B1}"
EndProject
Project("{FAE04EC0-301F-11D3-BF4B-00C04F79EFBC}") = "Maximum Number of Words Found in Sentences", "Maximum Number of Words Found in Sentences\Maximum Number of Words Found in Sentences.csproj", "{ACBA0417-5F59-438C-87E9-8503E7DE785E}"
EndProject
Project("{FAE04EC0-301F-11D3-BF4B-00C04F79EFBC}") = "Jewels and Stones", "Jewels and Stones\Jewels and Stones.csproj", "{7321584B-CC8B-4483-9853-F968C5CAAA5A}"
EndProject
Project("{FAE04EC0-301F-11D3-BF4B-00C04F79EFBC}") = "Goal Parser Interpretation", "Goal Parser Interpretation\Goal Parser Interpretation.csproj", "{260DA8AF-0C38-40AF-AB52-D23AC1131460}"
EndProject
Project("{FAE04EC0-301F-11D3-BF4B-00C04F79EFBC}") = "Shuffle String", "Shuffle String\Shuffle String.csproj", "{A0430765-DDBF-460F-93A9-423E7C085952}"
EndProject
Global
	GlobalSection(SolutionConfigurationPlatforms) = preSolution
		Debug|Any CPU = Debug|Any CPU
		Release|Any CPU = Release|Any CPU
	EndGlobalSection
	GlobalSection(ProjectConfigurationPlatforms) = postSolution
		{5663E96F-6E4B-4C89-9527-0E7AEECD291A}.Debug|Any CPU.ActiveCfg = Debug|Any CPU
		{5663E96F-6E4B-4C89-9527-0E7AEECD291A}.Debug|Any CPU.Build.0 = Debug|Any CPU
		{5663E96F-6E4B-4C89-9527-0E7AEECD291A}.Release|Any CPU.ActiveCfg = Release|Any CPU
		{5663E96F-6E4B-4C89-9527-0E7AEECD291A}.Release|Any CPU.Build.0 = Release|Any CPU
		{BD11C174-4294-4B08-93B9-0698B27A6A58}.Debug|Any CPU.ActiveCfg = Debug|Any CPU
		{BD11C174-4294-4B08-93B9-0698B27A6A58}.Debug|Any CPU.Build.0 = Debug|Any CPU
		{BD11C174-4294-4B08-93B9-0698B27A6A58}.Release|Any CPU.ActiveCfg = Release|Any CPU
		{BD11C174-4294-4B08-93B9-0698B27A6A58}.Release|Any CPU.Build.0 = Release|Any CPU
		{96CD7F2A-EA70-4570-9195-BF3E2BFA62E3}.Debug|Any CPU.ActiveCfg = Debug|Any CPU
		{96CD7F2A-EA70-4570-9195-BF3E2BFA62E3}.Debug|Any CPU.Build.0 = Debug|Any CPU
		{96CD7F2A-EA70-4570-9195-BF3E2BFA62E3}.Release|Any CPU.ActiveCfg = Release|Any CPU
		{96CD7F2A-EA70-4570-9195-BF3E2BFA62E3}.Release|Any CPU.Build.0 = Release|Any CPU
		{0CF35A00-89A5-43AA-A851-2F85942A5681}.Debug|Any CPU.ActiveCfg = Debug|Any CPU
		{0CF35A00-89A5-43AA-A851-2F85942A5681}.Debug|Any CPU.Build.0 = Debug|Any CPU
		{0CF35A00-89A5-43AA-A851-2F85942A5681}.Release|Any CPU.ActiveCfg = Release|Any CPU
		{0CF35A00-89A5-43AA-A851-2F85942A5681}.Release|Any CPU.Build.0 = Release|Any CPU
		{5EC735B5-ED3D-422F-BEF6-45DA52F79A80}.Debug|Any CPU.ActiveCfg = Debug|Any CPU
		{5EC735B5-ED3D-422F-BEF6-45DA52F79A80}.Debug|Any CPU.Build.0 = Debug|Any CPU
		{5EC735B5-ED3D-422F-BEF6-45DA52F79A80}.Release|Any CPU.ActiveCfg = Release|Any CPU
		{5EC735B5-ED3D-422F-BEF6-45DA52F79A80}.Release|Any CPU.Build.0 = Release|Any CPU
		{15958526-B217-467A-81E9-0AC6AC669DAD}.Debug|Any CPU.ActiveCfg = Debug|Any CPU
		{15958526-B217-467A-81E9-0AC6AC669DAD}.Debug|Any CPU.Build.0 = Debug|Any CPU
		{15958526-B217-467A-81E9-0AC6AC669DAD}.Release|Any CPU.ActiveCfg = Release|Any CPU
		{15958526-B217-467A-81E9-0AC6AC669DAD}.Release|Any CPU.Build.0 = Release|Any CPU
		{1001C13B-69C6-4E59-8528-021EC9A4AFA3}.Debug|Any CPU.ActiveCfg = Debug|Any CPU
		{1001C13B-69C6-4E59-8528-021EC9A4AFA3}.Debug|Any CPU.Build.0 = Debug|Any CPU
		{1001C13B-69C6-4E59-8528-021EC9A4AFA3}.Release|Any CPU.ActiveCfg = Release|Any CPU
		{1001C13B-69C6-4E59-8528-021EC9A4AFA3}.Release|Any CPU.Build.0 = Release|Any CPU
		{FE14817E-6197-40BA-ABCF-B6F076EB0457}.Debug|Any CPU.ActiveCfg = Debug|Any CPU
		{FE14817E-6197-40BA-ABCF-B6F076EB0457}.Debug|Any CPU.Build.0 = Debug|Any CPU
		{FE14817E-6197-40BA-ABCF-B6F076EB0457}.Release|Any CPU.ActiveCfg = Release|Any CPU
		{FE14817E-6197-40BA-ABCF-B6F076EB0457}.Release|Any CPU.Build.0 = Release|Any CPU
		{D8B2475C-374E-4B8F-843E-A76ECE94EB1D}.Debug|Any CPU.ActiveCfg = Debug|Any CPU
		{D8B2475C-374E-4B8F-843E-A76ECE94EB1D}.Debug|Any CPU.Build.0 = Debug|Any CPU
		{D8B2475C-374E-4B8F-843E-A76ECE94EB1D}.Release|Any CPU.ActiveCfg = Release|Any CPU
		{D8B2475C-374E-4B8F-843E-A76ECE94EB1D}.Release|Any CPU.Build.0 = Release|Any CPU
		{AC6B0A9D-833B-4A78-9273-1F6869A34046}.Debug|Any CPU.ActiveCfg = Debug|Any CPU
		{AC6B0A9D-833B-4A78-9273-1F6869A34046}.Debug|Any CPU.Build.0 = Debug|Any CPU
		{AC6B0A9D-833B-4A78-9273-1F6869A34046}.Release|Any CPU.ActiveCfg = Release|Any CPU
		{AC6B0A9D-833B-4A78-9273-1F6869A34046}.Release|Any CPU.Build.0 = Release|Any CPU
		{ACCC3E64-1576-48C9-B32B-787FC4A52575}.Debug|Any CPU.ActiveCfg = Debug|Any CPU
		{ACCC3E64-1576-48C9-B32B-787FC4A52575}.Debug|Any CPU.Build.0 = Debug|Any CPU
		{ACCC3E64-1576-48C9-B32B-787FC4A52575}.Release|Any CPU.ActiveCfg = Release|Any CPU
		{ACCC3E64-1576-48C9-B32B-787FC4A52575}.Release|Any CPU.Build.0 = Release|Any CPU
		{2CA81844-9122-4E2A-AB9C-F01FB5F782E7}.Debug|Any CPU.ActiveCfg = Debug|Any CPU
		{2CA81844-9122-4E2A-AB9C-F01FB5F782E7}.Debug|Any CPU.Build.0 = Debug|Any CPU
		{2CA81844-9122-4E2A-AB9C-F01FB5F782E7}.Release|Any CPU.ActiveCfg = Release|Any CPU
		{2CA81844-9122-4E2A-AB9C-F01FB5F782E7}.Release|Any CPU.Build.0 = Release|Any CPU
		{305D2D47-F45E-40B7-AE16-E6BAEB0ADEA8}.Debug|Any CPU.ActiveCfg = Debug|Any CPU
		{305D2D47-F45E-40B7-AE16-E6BAEB0ADEA8}.Debug|Any CPU.Build.0 = Debug|Any CPU
		{305D2D47-F45E-40B7-AE16-E6BAEB0ADEA8}.Release|Any CPU.ActiveCfg = Release|Any CPU
		{305D2D47-F45E-40B7-AE16-E6BAEB0ADEA8}.Release|Any CPU.Build.0 = Release|Any CPU
		{C993501F-2D39-4A4A-8384-B66061DBE222}.Debug|Any CPU.ActiveCfg = Debug|Any CPU
		{C993501F-2D39-4A4A-8384-B66061DBE222}.Debug|Any CPU.Build.0 = Debug|Any CPU
		{C993501F-2D39-4A4A-8384-B66061DBE222}.Release|Any CPU.ActiveCfg = Release|Any CPU
		{C993501F-2D39-4A4A-8384-B66061DBE222}.Release|Any CPU.Build.0 = Release|Any CPU
		{7B70BCEC-E550-4775-AD4E-574AC2E4FDAA}.Debug|Any CPU.ActiveCfg = Debug|Any CPU
		{7B70BCEC-E550-4775-AD4E-574AC2E4FDAA}.Debug|Any CPU.Build.0 = Debug|Any CPU
		{7B70BCEC-E550-4775-AD4E-574AC2E4FDAA}.Release|Any CPU.ActiveCfg = Release|Any CPU
		{7B70BCEC-E550-4775-AD4E-574AC2E4FDAA}.Release|Any CPU.Build.0 = Release|Any CPU
		{29425387-9266-4FF4-86C7-D0D84EC607CF}.Debug|Any CPU.ActiveCfg = Debug|Any CPU
		{29425387-9266-4FF4-86C7-D0D84EC607CF}.Debug|Any CPU.Build.0 = Debug|Any CPU
		{29425387-9266-4FF4-86C7-D0D84EC607CF}.Release|Any CPU.ActiveCfg = Release|Any CPU
		{29425387-9266-4FF4-86C7-D0D84EC607CF}.Release|Any CPU.Build.0 = Release|Any CPU
		{D1110708-8B45-47C5-95F4-7FC8DC66A3AD}.Debug|Any CPU.ActiveCfg = Debug|Any CPU
		{D1110708-8B45-47C5-95F4-7FC8DC66A3AD}.Debug|Any CPU.Build.0 = Debug|Any CPU
		{D1110708-8B45-47C5-95F4-7FC8DC66A3AD}.Release|Any CPU.ActiveCfg = Release|Any CPU
		{D1110708-8B45-47C5-95F4-7FC8DC66A3AD}.Release|Any CPU.Build.0 = Release|Any CPU
		{A5979CC0-374E-4FCE-9D49-1632B1108552}.Debug|Any CPU.ActiveCfg = Debug|Any CPU
		{A5979CC0-374E-4FCE-9D49-1632B1108552}.Debug|Any CPU.Build.0 = Debug|Any CPU
		{A5979CC0-374E-4FCE-9D49-1632B1108552}.Release|Any CPU.ActiveCfg = Release|Any CPU
		{A5979CC0-374E-4FCE-9D49-1632B1108552}.Release|Any CPU.Build.0 = Release|Any CPU
		{C5C63C2D-A416-44EB-BC91-E3124FF9C4D7}.Debug|Any CPU.ActiveCfg = Debug|Any CPU
		{C5C63C2D-A416-44EB-BC91-E3124FF9C4D7}.Debug|Any CPU.Build.0 = Debug|Any CPU
		{C5C63C2D-A416-44EB-BC91-E3124FF9C4D7}.Release|Any CPU.ActiveCfg = Release|Any CPU
		{C5C63C2D-A416-44EB-BC91-E3124FF9C4D7}.Release|Any CPU.Build.0 = Release|Any CPU
		{AECCC6AC-0CB8-47D1-9BEC-43D70E643CFC}.Debug|Any CPU.ActiveCfg = Debug|Any CPU
		{AECCC6AC-0CB8-47D1-9BEC-43D70E643CFC}.Debug|Any CPU.Build.0 = Debug|Any CPU
		{AECCC6AC-0CB8-47D1-9BEC-43D70E643CFC}.Release|Any CPU.ActiveCfg = Release|Any CPU
		{AECCC6AC-0CB8-47D1-9BEC-43D70E643CFC}.Release|Any CPU.Build.0 = Release|Any CPU
		{496850EF-AEAB-402F-BED7-38AB00B4F247}.Debug|Any CPU.ActiveCfg = Debug|Any CPU
		{496850EF-AEAB-402F-BED7-38AB00B4F247}.Debug|Any CPU.Build.0 = Debug|Any CPU
		{496850EF-AEAB-402F-BED7-38AB00B4F247}.Release|Any CPU.ActiveCfg = Release|Any CPU
		{496850EF-AEAB-402F-BED7-38AB00B4F247}.Release|Any CPU.Build.0 = Release|Any CPU
		{8073C98C-2389-4603-9EB1-743473A1BCED}.Debug|Any CPU.ActiveCfg = Debug|Any CPU
		{8073C98C-2389-4603-9EB1-743473A1BCED}.Debug|Any CPU.Build.0 = Debug|Any CPU
		{8073C98C-2389-4603-9EB1-743473A1BCED}.Release|Any CPU.ActiveCfg = Release|Any CPU
		{8073C98C-2389-4603-9EB1-743473A1BCED}.Release|Any CPU.Build.0 = Release|Any CPU
		{C4663C3A-2795-442A-A6D3-493A191B8A6B}.Debug|Any CPU.ActiveCfg = Debug|Any CPU
		{C4663C3A-2795-442A-A6D3-493A191B8A6B}.Debug|Any CPU.Build.0 = Debug|Any CPU
		{C4663C3A-2795-442A-A6D3-493A191B8A6B}.Release|Any CPU.ActiveCfg = Release|Any CPU
		{C4663C3A-2795-442A-A6D3-493A191B8A6B}.Release|Any CPU.Build.0 = Release|Any CPU
		{DF31912D-7716-43E3-88CA-3249FFD58468}.Debug|Any CPU.ActiveCfg = Debug|Any CPU
		{DF31912D-7716-43E3-88CA-3249FFD58468}.Debug|Any CPU.Build.0 = Debug|Any CPU
		{DF31912D-7716-43E3-88CA-3249FFD58468}.Release|Any CPU.ActiveCfg = Release|Any CPU
		{DF31912D-7716-43E3-88CA-3249FFD58468}.Release|Any CPU.Build.0 = Release|Any CPU
		{05F714B6-891F-4FDE-82E9-F9B65445709A}.Debug|Any CPU.ActiveCfg = Debug|Any CPU
		{05F714B6-891F-4FDE-82E9-F9B65445709A}.Debug|Any CPU.Build.0 = Debug|Any CPU
		{05F714B6-891F-4FDE-82E9-F9B65445709A}.Release|Any CPU.ActiveCfg = Release|Any CPU
		{05F714B6-891F-4FDE-82E9-F9B65445709A}.Release|Any CPU.Build.0 = Release|Any CPU
		{1BE4EA5C-E0EC-4726-9CBD-D8DE27505FD1}.Debug|Any CPU.ActiveCfg = Debug|Any CPU
		{1BE4EA5C-E0EC-4726-9CBD-D8DE27505FD1}.Debug|Any CPU.Build.0 = Debug|Any CPU
		{1BE4EA5C-E0EC-4726-9CBD-D8DE27505FD1}.Release|Any CPU.ActiveCfg = Release|Any CPU
		{1BE4EA5C-E0EC-4726-9CBD-D8DE27505FD1}.Release|Any CPU.Build.0 = Release|Any CPU
		{E8B0E91B-0B8E-4832-ADCE-DC1B6DC977B1}.Debug|Any CPU.ActiveCfg = Debug|Any CPU
		{E8B0E91B-0B8E-4832-ADCE-DC1B6DC977B1}.Debug|Any CPU.Build.0 = Debug|Any CPU
		{E8B0E91B-0B8E-4832-ADCE-DC1B6DC977B1}.Release|Any CPU.ActiveCfg = Release|Any CPU
		{E8B0E91B-0B8E-4832-ADCE-DC1B6DC977B1}.Release|Any CPU.Build.0 = Release|Any CPU
		{ACBA0417-5F59-438C-87E9-8503E7DE785E}.Debug|Any CPU.ActiveCfg = Debug|Any CPU
		{ACBA0417-5F59-438C-87E9-8503E7DE785E}.Debug|Any CPU.Build.0 = Debug|Any CPU
		{ACBA0417-5F59-438C-87E9-8503E7DE785E}.Release|Any CPU.ActiveCfg = Release|Any CPU
		{ACBA0417-5F59-438C-87E9-8503E7DE785E}.Release|Any CPU.Build.0 = Release|Any CPU
		{7321584B-CC8B-4483-9853-F968C5CAAA5A}.Debug|Any CPU.ActiveCfg = Debug|Any CPU
		{7321584B-CC8B-4483-9853-F968C5CAAA5A}.Debug|Any CPU.Build.0 = Debug|Any CPU
		{7321584B-CC8B-4483-9853-F968C5CAAA5A}.Release|Any CPU.ActiveCfg = Release|Any CPU
		{7321584B-CC8B-4483-9853-F968C5CAAA5A}.Release|Any CPU.Build.0 = Release|Any CPU
		{260DA8AF-0C38-40AF-AB52-D23AC1131460}.Debug|Any CPU.ActiveCfg = Debug|Any CPU
		{260DA8AF-0C38-40AF-AB52-D23AC1131460}.Debug|Any CPU.Build.0 = Debug|Any CPU
		{260DA8AF-0C38-40AF-AB52-D23AC1131460}.Release|Any CPU.ActiveCfg = Release|Any CPU
		{260DA8AF-0C38-40AF-AB52-D23AC1131460}.Release|Any CPU.Build.0 = Release|Any CPU
		{A0430765-DDBF-460F-93A9-423E7C085952}.Debug|Any CPU.ActiveCfg = Debug|Any CPU
		{A0430765-DDBF-460F-93A9-423E7C085952}.Debug|Any CPU.Build.0 = Debug|Any CPU
		{A0430765-DDBF-460F-93A9-423E7C085952}.Release|Any CPU.ActiveCfg = Release|Any CPU
		{A0430765-DDBF-460F-93A9-423E7C085952}.Release|Any CPU.Build.0 = Release|Any CPU
	EndGlobalSection
	GlobalSection(SolutionProperties) = preSolution
		HideSolutionNode = FALSE
	EndGlobalSection
	GlobalSection(ExtensibilityGlobals) = postSolution
		SolutionGuid = {3C89CE79-C4E8-4F76-8934-B5E1B207228B}
	EndGlobalSection
EndGlobal
