
Microsoft Visual Studio Solution File, Format Version 12.00
# Visual Studio Version 17
VisualStudioVersion = 17.4.33122.133
MinimumVisualStudioVersion = 10.0.40219.1
Project("{9A19103F-16F7-4668-BE54-9A1E7A4F7556}") = "StockData.Worker", "StockData.Worker\StockData.Worker.csproj", "{0E241517-AFD8-47AB-92FC-D405D051AC03}"
EndProject
Project("{FAE04EC0-301F-11D3-BF4B-00C04F79EFBC}") = "Infrastructure", "Infrastructure\Infrastructure.csproj", "{778140FB-4AF8-4E65-B832-C8C160C7D7EB}"
EndProject
Global
	GlobalSection(SolutionConfigurationPlatforms) = preSolution
		Debug|Any CPU = Debug|Any CPU
		Release|Any CPU = Release|Any CPU
	EndGlobalSection
	GlobalSection(ProjectConfigurationPlatforms) = postSolution
		{0E241517-AFD8-47AB-92FC-D405D051AC03}.Debug|Any CPU.ActiveCfg = Debug|Any CPU
		{0E241517-AFD8-47AB-92FC-D405D051AC03}.Debug|Any CPU.Build.0 = Debug|Any CPU
		{0E241517-AFD8-47AB-92FC-D405D051AC03}.Release|Any CPU.ActiveCfg = Release|Any CPU
		{0E241517-AFD8-47AB-92FC-D405D051AC03}.Release|Any CPU.Build.0 = Release|Any CPU
		{778140FB-4AF8-4E65-B832-C8C160C7D7EB}.Debug|Any CPU.ActiveCfg = Debug|Any CPU
		{778140FB-4AF8-4E65-B832-C8C160C7D7EB}.Debug|Any CPU.Build.0 = Debug|Any CPU
		{778140FB-4AF8-4E65-B832-C8C160C7D7EB}.Release|Any CPU.ActiveCfg = Release|Any CPU
		{778140FB-4AF8-4E65-B832-C8C160C7D7EB}.Release|Any CPU.Build.0 = Release|Any CPU
	EndGlobalSection
	GlobalSection(SolutionProperties) = preSolution
		HideSolutionNode = FALSE
	EndGlobalSection
	GlobalSection(ExtensibilityGlobals) = postSolution
		SolutionGuid = {EE49A6DC-49F2-441C-9289-2077FB23C1E8}
	EndGlobalSection
EndGlobal
